// !$*UTF8*$!
{
	archiveVersion = 1;
	classes = {
	};
	objectVersion = 46;
	objects = {

/* Begin PBXBuildFile section */
		D11D7DDD19E4CB090031FA89 /* main.m in Sources */ = {isa = PBXBuildFile; fileRef = D11D7DDC19E4CB090031FA89 /* main.m */; };
		D11D7DE019E4CB090031FA89 /* AppDelegate.m in Sources */ = {isa = PBXBuildFile; fileRef = D11D7DDF19E4CB090031FA89 /* AppDelegate.m */; };
		D11D7DE319E4CB090031FA89 /* ViewController.m in Sources */ = {isa = PBXBuildFile; fileRef = D11D7DE219E4CB090031FA89 /* ViewController.m */; };
		D11D7DE619E4CB090031FA89 /* Main.storyboard in Resources */ = {isa = PBXBuildFile; fileRef = D11D7DE419E4CB090031FA89 /* Main.storyboard */; };
		D11D7DE819E4CB090031FA89 /* Images.xcassets in Resources */ = {isa = PBXBuildFile; fileRef = D11D7DE719E4CB090031FA89 /* Images.xcassets */; };
		D11D7DEB19E4CB090031FA89 /* LaunchScreen.xib in Resources */ = {isa = PBXBuildFile; fileRef = D11D7DE919E4CB090031FA89 /* LaunchScreen.xib */; };
		D11D7DF719E4CB090031FA89 /* StadiometerTests.m in Sources */ = {isa = PBXBuildFile; fileRef = D11D7DF619E4CB090031FA89 /* StadiometerTests.m */; };
/* End PBXBuildFile section */

/* Begin PBXContainerItemProxy section */
		D11D7DF119E4CB090031FA89 /* PBXContainerItemProxy */ = {
			isa = PBXContainerItemProxy;
			containerPortal = D11D7DCF19E4CB090031FA89 /* Project object */;
			proxyType = 1;
			remoteGlobalIDString = D11D7DD619E4CB090031FA89;
			remoteInfo = Stadiometer;
		};
/* End PBXContainerItemProxy section */

/* Begin PBXFileReference section */
		D11D7DD719E4CB090031FA89 /* Stadiometer.app */ = {isa = PBXFileReference; explicitFileType = wrapper.application; includeInIndex = 0; path = Stadiometer.app; sourceTree = BUILT_PRODUCTS_DIR; };
		D11D7DDB19E4CB090031FA89 /* Info.plist */ = {isa = PBXFileReference; lastKnownFileType = text.plist.xml; path = Info.plist; sourceTree = "<group>"; };
		D11D7DDC19E4CB090031FA89 /* main.m */ = {isa = PBXFileReference; lastKnownFileType = sourcecode.c.objc; path = main.m; sourceTree = "<group>"; };
		D11D7DDE19E4CB090031FA89 /* AppDelegate.h */ = {isa = PBXFileReference; lastKnownFileType = sourcecode.c.h; path = AppDelegate.h; sourceTree = "<group>"; };
		D11D7DDF19E4CB090031FA89 /* AppDelegate.m */ = {isa = PBXFileReference; lastKnownFileType = sourcecode.c.objc; path = AppDelegate.m; sourceTree = "<group>"; };
		D11D7DE119E4CB090031FA89 /* ViewController.h */ = {isa = PBXFileReference; lastKnownFileType = sourcecode.c.h; path = ViewController.h; sourceTree = "<group>"; };
		D11D7DE219E4CB090031FA89 /* ViewController.m */ = {isa = PBXFileReference; lastKnownFileType = sourcecode.c.objc; path = ViewController.m; sourceTree = "<group>"; };
		D11D7DE519E4CB090031FA89 /* Base */ = {isa = PBXFileReference; lastKnownFileType = file.storyboard; name = Base; path = Base.lproj/Main.storyboard; sourceTree = "<group>"; };
		D11D7DE719E4CB090031FA89 /* Images.xcassets */ = {isa = PBXFileReference; lastKnownFileType = folder.assetcatalog; path = Images.xcassets; sourceTree = "<group>"; };
		D11D7DEA19E4CB090031FA89 /* Base */ = {isa = PBXFileReference; lastKnownFileType = file.xib; name = Base; path = Base.lproj/LaunchScreen.xib; sourceTree = "<group>"; };
		D11D7DF019E4CB090031FA89 /* StadiometerTests.xctest */ = {isa = PBXFileReference; explicitFileType = wrapper.cfbundle; includeInIndex = 0; path = StadiometerTests.xctest; sourceTree = BUILT_PRODUCTS_DIR; };
		D11D7DF519E4CB090031FA89 /* Info.plist */ = {isa = PBXFileReference; lastKnownFileType = text.plist.xml; path = Info.plist; sourceTree = "<group>"; };
		D11D7DF619E4CB090031FA89 /* StadiometerTests.m */ = {isa = PBXFileReference; lastKnownFileType = sourcecode.c.objc; path = StadiometerTests.m; sourceTree = "<group>"; };
/* End PBXFileReference section */

/* Begin PBXFrameworksBuildPhase section */
		D11D7DD419E4CB090031FA89 /* Frameworks */ = {
			isa = PBXFrameworksBuildPhase;
			buildActionMask = 2147483647;
			files = (
			);
			runOnlyForDeploymentPostprocessing = 0;
		};
		D11D7DED19E4CB090031FA89 /* Frameworks */ = {
			isa = PBXFrameworksBuildPhase;
			buildActionMask = 2147483647;
			files = (
			);
			runOnlyForDeploymentPostprocessing = 0;
		};
/* End PBXFrameworksBuildPhase section */

/* Begin PBXGroup section */
		D11D7DCE19E4CB090031FA89 = {
			isa = PBXGroup;
			children = (
				D11D7DD919E4CB090031FA89 /* Stadiometer */,
				D11D7DF319E4CB090031FA89 /* StadiometerTests */,
				D11D7DD819E4CB090031FA89 /* Products */,
			);
			sourceTree = "<group>";
		};
		D11D7DD819E4CB090031FA89 /* Products */ = {
			isa = PBXGroup;
			children = (
				D11D7DD719E4CB090031FA89 /* Stadiometer.app */,
				D11D7DF019E4CB090031FA89 /* StadiometerTests.xctest */,
			);
			name = Products;
			sourceTree = "<group>";
		};
		D11D7DD919E4CB090031FA89 /* Stadiometer */ = {
			isa = PBXGroup;
			children = (
				D11D7DDE19E4CB090031FA89 /* AppDelegate.h */,
				D11D7DDF19E4CB090031FA89 /* AppDelegate.m */,
				D11D7DE119E4CB090031FA89 /* ViewController.h */,
				D11D7DE219E4CB090031FA89 /* ViewController.m */,
				D11D7DE419E4CB090031FA89 /* Main.storyboard */,
				D11D7DE719E4CB090031FA89 /* Images.xcassets */,
				D11D7DE919E4CB090031FA89 /* LaunchScreen.xib */,
				D11D7DDA19E4CB090031FA89 /* Supporting Files */,
			);
			path = Stadiometer;
			sourceTree = "<group>";
		};
		D11D7DDA19E4CB090031FA89 /* Supporting Files */ = {
			isa = PBXGroup;
			children = (
				D11D7DDB19E4CB090031FA89 /* Info.plist */,
				D11D7DDC19E4CB090031FA89 /* main.m */,
			);
			name = "Supporting Files";
			sourceTree = "<group>";
		};
		D11D7DF319E4CB090031FA89 /* StadiometerTests */ = {
			isa = PBXGroup;
			children = (
				D11D7DF619E4CB090031FA89 /* StadiometerTests.m */,
				D11D7DF419E4CB090031FA89 /* Supporting Files */,
			);
			path = StadiometerTests;
			sourceTree = "<group>";
		};
		D11D7DF419E4CB090031FA89 /* Supporting Files */ = {
			isa = PBXGroup;
			children = (
				D11D7DF519E4CB090031FA89 /* Info.plist */,
			);
			name = "Supporting Files";
			sourceTree = "<group>";
		};
/* End PBXGroup section */

/* Begin PBXNativeTarget section */
		D11D7DD619E4CB090031FA89 /* Stadiometer */ = {
			isa = PBXNativeTarget;
			buildConfigurationList = D11D7DFA19E4CB090031FA89 /* Build configuration list for PBXNativeTarget "Stadiometer" */;
			buildPhases = (
				D11D7DD319E4CB090031FA89 /* Sources */,
				D11D7DD419E4CB090031FA89 /* Frameworks */,
				D11D7DD519E4CB090031FA89 /* Resources */,
			);
			buildRules = (
			);
			dependencies = (
			);
			name = Stadiometer;
			productName = Stadiometer;
			productReference = D11D7DD719E4CB090031FA89 /* Stadiometer.app */;
			productType = "com.apple.product-type.application";
		};
		D11D7DEF19E4CB090031FA89 /* StadiometerTests */ = {
			isa = PBXNativeTarget;
			buildConfigurationList = D11D7DFD19E4CB090031FA89 /* Build configuration list for PBXNativeTarget "StadiometerTests" */;
			buildPhases = (
				D11D7DEC19E4CB090031FA89 /* Sources */,
				D11D7DED19E4CB090031FA89 /* Frameworks */,
				D11D7DEE19E4CB090031FA89 /* Resources */,
			);
			buildRules = (
			);
			dependencies = (
				D11D7DF219E4CB090031FA89 /* PBXTargetDependency */,
			);
			name = StadiometerTests;
			productName = StadiometerTests;
			productReference = D11D7DF019E4CB090031FA89 /* StadiometerTests.xctest */;
			productType = "com.apple.product-type.bundle.unit-test";
		};
/* End PBXNativeTarget section */

/* Begin PBXProject section */
		D11D7DCF19E4CB090031FA89 /* Project object */ = {
			isa = PBXProject;
			attributes = {
				LastUpgradeCheck = 0600;
				ORGANIZATIONNAME = hIDDEN;
				TargetAttributes = {
					D11D7DD619E4CB090031FA89 = {
						CreatedOnToolsVersion = 6.0.1;
					};
					D11D7DEF19E4CB090031FA89 = {
						CreatedOnToolsVersion = 6.0.1;
						TestTargetID = D11D7DD619E4CB090031FA89;
					};
				};
			};
			buildConfigurationList = D11D7DD219E4CB090031FA89 /* Build configuration list for PBXProject "Stadiometer" */;
			compatibilityVersion = "Xcode 3.2";
			developmentRegion = English;
			hasScannedForEncodings = 0;
			knownRegions = (
				en,
				Base,
			);
			mainGroup = D11D7DCE19E4CB090031FA89;
			productRefGroup = D11D7DD819E4CB090031FA89 /* Products */;
			projectDirPath = "";
			projectRoot = "";
			targets = (
				D11D7DD619E4CB090031FA89 /* Stadiometer */,
				D11D7DEF19E4CB090031FA89 /* StadiometerTests */,
			);
		};
/* End PBXProject section */

/* Begin PBXResourcesBuildPhase section */
		D11D7DD519E4CB090031FA89 /* Resources */ = {
			isa = PBXResourcesBuildPhase;
			buildActionMask = 2147483647;
			files = (
				D11D7DE619E4CB090031FA89 /* Main.storyboard in Resources */,
				D11D7DEB19E4CB090031FA89 /* LaunchScreen.xib in Resources */,
				D11D7DE819E4CB090031FA89 /* Images.xcassets in Resources */,
			);
			runOnlyForDeploymentPostprocessing = 0;
		};
		D11D7DEE19E4CB090031FA89 /* Resources */ = {
			isa = PBXResourcesBuildPhase;
			buildActionMask = 2147483647;
			files = (
			);
			runOnlyForDeploymentPostprocessing = 0;
		};
/* End PBXResourcesBuildPhase section */

/* Begin PBXSourcesBuildPhase section */
		D11D7DD319E4CB090031FA89 /* Sources */ = {
			isa = PBXSourcesBuildPhase;
			buildActionMask = 2147483647;
			files = (
				D11D7DE319E4CB090031FA89 /* ViewController.m in Sources */,
				D11D7DE019E4CB090031FA89 /* AppDelegate.m in Sources */,
				D11D7DDD19E4CB090031FA89 /* main.m in Sources */,
			);
			runOnlyForDeploymentPostprocessing = 0;
		};
		D11D7DEC19E4CB090031FA89 /* Sources */ = {
			isa = PBXSourcesBuildPhase;
			buildActionMask = 2147483647;
			files = (
				D11D7DF719E4CB090031FA89 /* StadiometerTests.m in Sources */,
			);
			runOnlyForDeploymentPostprocessing = 0;
		};
/* End PBXSourcesBuildPhase section */

/* Begin PBXTargetDependency section */
		D11D7DF219E4CB090031FA89 /* PBXTargetDependency */ = {
			isa = PBXTargetDependency;
			target = D11D7DD619E4CB090031FA89 /* Stadiometer */;
			targetProxy = D11D7DF119E4CB090031FA89 /* PBXContainerItemProxy */;
		};
/* End PBXTargetDependency section */

/* Begin PBXVariantGroup section */
		D11D7DE419E4CB090031FA89 /* Main.storyboard */ = {
			isa = PBXVariantGroup;
			children = (
				D11D7DE519E4CB090031FA89 /* Base */,
			);
			name = Main.storyboard;
			sourceTree = "<group>";
		};
		D11D7DE919E4CB090031FA89 /* LaunchScreen.xib */ = {
			isa = PBXVariantGroup;
			children = (
				D11D7DEA19E4CB090031FA89 /* Base */,
			);
			name = LaunchScreen.xib;
			sourceTree = "<group>";
		};
/* End PBXVariantGroup section */

/* Begin XCBuildConfiguration section */
		D11D7DF819E4CB090031FA89 /* Debug */ = {
			isa = XCBuildConfiguration;
			buildSettings = {
				ALWAYS_SEARCH_USER_PATHS = NO;
				CLANG_CXX_LANGUAGE_STANDARD = "gnu++0x";
				CLANG_CXX_LIBRARY = "libc++";
				CLANG_ENABLE_MODULES = YES;
				CLANG_ENABLE_OBJC_ARC = YES;
				CLANG_WARN_BOOL_CONVERSION = YES;
				CLANG_WARN_CONSTANT_CONVERSION = YES;
				CLANG_WARN_DIRECT_OBJC_ISA_USAGE = YES_ERROR;
				CLANG_WARN_EMPTY_BODY = YES;
				CLANG_WARN_ENUM_CONVERSION = YES;
				CLANG_WARN_INT_CONVERSION = YES;
				CLANG_WARN_OBJC_ROOT_CLASS = YES_ERROR;
				CLANG_WARN_UNREACHABLE_CODE = YES;
				CLANG_WARN__DUPLICATE_METHOD_MATCH = YES;
				"CODE_SIGN_IDENTITY[sdk=iphoneos*]" = "iPhone Developer";
				COPY_PHASE_STRIP = NO;
				ENABLE_STRICT_OBJC_MSGSEND = YES;
				GCC_C_LANGUAGE_STANDARD = gnu99;
				GCC_DYNAMIC_NO_PIC = NO;
				GCC_OPTIMIZATION_LEVEL = 0;
				GCC_PREPROCESSOR_DEFINITIONS = (
					"DEBUG=1",
					"$(inherited)",
				);
				GCC_SYMBOLS_PRIVATE_EXTERN = NO;
				GCC_WARN_64_TO_32_BIT_CONVERSION = YES;
				GCC_WARN_ABOUT_RETURN_TYPE = YES_ERROR;
				GCC_WARN_UNDECLARED_SELECTOR = YES;
				GCC_WARN_UNINITIALIZED_AUTOS = YES_AGGRESSIVE;
				GCC_WARN_UNUSED_FUNCTION = YES;
				GCC_WARN_UNUSED_VARIABLE = YES;
				IPHONEOS_DEPLOYMENT_TARGET = 8.0;
				MTL_ENABLE_DEBUG_INFO = YES;
				ONLY_ACTIVE_ARCH = YES;
				SDKROOT = iphoneos;
			};
			name = Debug;
		};
		D11D7DF919E4CB090031FA89 /* Release */ = {
			isa = XCBuildConfiguration;
			buildSettings = {
				ALWAYS_SEARCH_USER_PATHS = NO;
				CLANG_CXX_LANGUAGE_STANDARD = "gnu++0x";
				CLANG_CXX_LIBRARY = "libc++";
				CLANG_ENABLE_MODULES = YES;
				CLANG_ENABLE_OBJC_ARC = YES;
				CLANG_WARN_BOOL_CONVERSION = YES;
				CLANG_WARN_CONSTANT_CONVERSION = YES;
				CLANG_WARN_DIRECT_OBJC_ISA_USAGE = YES_ERROR;
				CLANG_WARN_EMPTY_BODY = YES;
				CLANG_WARN_ENUM_CONVERSION = YES;
				CLANG_WARN_INT_CONVERSION = YES;
				CLANG_WARN_OBJC_ROOT_CLASS = YES_ERROR;
				CLANG_WARN_UNREACHABLE_CODE = YES;
				CLANG_WARN__DUPLICATE_METHOD_MATCH = YES;
				"CODE_SIGN_IDENTITY[sdk=iphoneos*]" = "iPhone Developer";
				COPY_PHASE_STRIP = YES;
				ENABLE_NS_ASSERTIONS = NO;
				ENABLE_STRICT_OBJC_MSGSEND = YES;
				GCC_C_LANGUAGE_STANDARD = gnu99;
				GCC_WARN_64_TO_32_BIT_CONVERSION = YES;
				GCC_WARN_ABOUT_RETURN_TYPE = YES_ERROR;
				GCC_WARN_UNDECLARED_SELECTOR = YES;
				GCC_WARN_UNINITIALIZED_AUTOS = YES_AGGRESSIVE;
				GCC_WARN_UNUSED_FUNCTION = YES;
				GCC_WARN_UNUSED_VARIABLE = YES;
				IPHONEOS_DEPLOYMENT_TARGET = 8.0;
				MTL_ENABLE_DEBUG_INFO = NO;
				SDKROOT = iphoneos;
				VALIDATE_PRODUCT = YES;
			};
			name = Release;
		};
		D11D7DFB19E4CB090031FA89 /* Debug */ = {
			isa = XCBuildConfiguration;
			buildSettings = {
				ASSETCATALOG_COMPILER_APPICON_NAME = AppIcon;
				INFOPLIST_FILE = Stadiometer/Info.plist;
				LD_RUNPATH_SEARCH_PATHS = "$(inherited) @executable_path/Frameworks";
				PRODUCT_NAME = "$(TARGET_NAME)";
			};
			name = Debug;
		};
		D11D7DFC19E4CB090031FA89 /* Release */ = {
			isa = XCBuildConfiguration;
			buildSettings = {
				ASSETCATALOG_COMPILER_APPICON_NAME = AppIcon;
				INFOPLIST_FILE = Stadiometer/Info.plist;
				LD_RUNPATH_SEARCH_PATHS = "$(inherited) @executable_path/Frameworks";
				PRODUCT_NAME = "$(TARGET_NAME)";
			};
			name = Release;
		};
		D11D7DFE19E4CB090031FA89 /* Debug */ = {
			isa = XCBuildConfiguration;
			buildSettings = {
				BUNDLE_LOADER = "$(TEST_HOST)";
				FRAMEWORK_SEARCH_PATHS = (
					"$(SDKROOT)/Developer/Library/Frameworks",
					"$(inherited)",
				);
				GCC_PREPROCESSOR_DEFINITIONS = (
					"DEBUG=1",
					"$(inherited)",
				);
				INFOPLIST_FILE = StadiometerTests/Info.plist;
				LD_RUNPATH_SEARCH_PATHS = "$(inherited) @executable_path/Frameworks @loader_path/Frameworks";
				PRODUCT_NAME = "$(TARGET_NAME)";
				TEST_HOST = "$(BUILT_PRODUCTS_DIR)/Stadiometer.app/Stadiometer";
			};
			name = Debug;
		};
		D11D7DFF19E4CB090031FA89 /* Release */ = {
			isa = XCBuildConfiguration;
			buildSettings = {
				BUNDLE_LOADER = "$(TEST_HOST)";
				FRAMEWORK_SEARCH_PATHS = (
					"$(SDKROOT)/Developer/Library/Frameworks",
					"$(inherited)",
				);
				INFOPLIST_FILE = StadiometerTests/Info.plist;
				LD_RUNPATH_SEARCH_PATHS = "$(inherited) @executable_path/Frameworks @loader_path/Frameworks";
				PRODUCT_NAME = "$(TARGET_NAME)";
				TEST_HOST = "$(BUILT_PRODUCTS_DIR)/Stadiometer.app/Stadiometer";
			};
			name = Release;
		};
/* End XCBuildConfiguration section */

/* Begin XCConfigurationList section */
		D11D7DD219E4CB090031FA89 /* Build configuration list for PBXProject "Stadiometer" */ = {
			isa = XCConfigurationList;
			buildConfigurations = (
				D11D7DF819E4CB090031FA89 /* Debug */,
				D11D7DF919E4CB090031FA89 /* Release */,
			);
			defaultConfigurationIsVisible = 0;
			defaultConfigurationName = Release;
		};
		D11D7DFA19E4CB090031FA89 /* Build configuration list for PBXNativeTarget "Stadiometer" */ = {
			isa = XCConfigurationList;
			buildConfigurations = (
				D11D7DFB19E4CB090031FA89 /* Debug */,
				D11D7DFC19E4CB090031FA89 /* Release */,
			);
			defaultConfigurationIsVisible = 0;
		};
		D11D7DFD19E4CB090031FA89 /* Build configuration list for PBXNativeTarget "StadiometerTests" */ = {
			isa = XCConfigurationList;
			buildConfigurations = (
				D11D7DFE19E4CB090031FA89 /* Debug */,
				D11D7DFF19E4CB090031FA89 /* Release */,
			);
			defaultConfigurationIsVisible = 0;
		};
/* End XCConfigurationList section */
	};
	rootObject = D11D7DCF19E4CB090031FA89 /* Project object */;
}
